
Microsoft Visual Studio Solution File, Format Version 12.00
# Visual Studio Version 16
VisualStudioVersion = 16.0.30204.135
MinimumVisualStudioVersion = 10.0.40219.1
Project("{FAE04EC0-301F-11D3-BF4B-00C04F79EFBC}") = "WebApi", "WebApi\WebApi.csproj", "{AE240FB9-285A-4715-A5CC-E4EB2FF92F5A}"
EndProject
Project("{FAE04EC0-301F-11D3-BF4B-00C04F79EFBC}") = "BusinessEntities", "BusinessEntities\BusinessEntities.csproj", "{C5B4FD11-A7D3-4474-A55E-7A2002D564E3}"
EndProject
Project("{FAE04EC0-301F-11D3-BF4B-00C04F79EFBC}") = "Data", "Data\Data.csproj", "{08EED152-BC07-4B9F-ACA6-28AEA1511EA0}"
EndProject
Project("{FAE04EC0-301F-11D3-BF4B-00C04F79EFBC}") = "Core", "Core\Core.csproj", "{F8BD0E96-ED83-413C-AB32-B3C8B2D826EC}"
EndProject
Project("{FAE04EC0-301F-11D3-BF4B-00C04F79EFBC}") = "Common", "Common\Common.csproj", "{5FF06B50-0204-4A9F-8196-3ECA7958DD04}"
EndProject
Global
	GlobalSection(SolutionConfigurationPlatforms) = preSolution
		Debug|Any CPU = Debug|Any CPU
		Release|Any CPU = Release|Any CPU
	EndGlobalSection
	GlobalSection(ProjectConfigurationPlatforms) = postSolution
		{AE240FB9-285A-4715-A5CC-E4EB2FF92F5A}.Debug|Any CPU.ActiveCfg = Debug|Any CPU
		{AE240FB9-285A-4715-A5CC-E4EB2FF92F5A}.Debug|Any CPU.Build.0 = Debug|Any CPU
		{AE240FB9-285A-4715-A5CC-E4EB2FF92F5A}.Release|Any CPU.ActiveCfg = Release|Any CPU
		{AE240FB9-285A-4715-A5CC-E4EB2FF92F5A}.Release|Any CPU.Build.0 = Release|Any CPU
		{C5B4FD11-A7D3-4474-A55E-7A2002D564E3}.Debug|Any CPU.ActiveCfg = Debug|Any CPU
		{C5B4FD11-A7D3-4474-A55E-7A2002D564E3}.Debug|Any CPU.Build.0 = Debug|Any CPU
		{C5B4FD11-A7D3-4474-A55E-7A2002D564E3}.Release|Any CPU.ActiveCfg = Release|Any CPU
		{C5B4FD11-A7D3-4474-A55E-7A2002D564E3}.Release|Any CPU.Build.0 = Release|Any CPU
		{08EED152-BC07-4B9F-ACA6-28AEA1511EA0}.Debug|Any CPU.ActiveCfg = Debug|Any CPU
		{08EED152-BC07-4B9F-ACA6-28AEA1511EA0}.Debug|Any CPU.Build.0 = Debug|Any CPU
		{08EED152-BC07-4B9F-ACA6-28AEA1511EA0}.Release|Any CPU.ActiveCfg = Release|Any CPU
		{08EED152-BC07-4B9F-ACA6-28AEA1511EA0}.Release|Any CPU.Build.0 = Release|Any CPU
		{F8BD0E96-ED83-413C-AB32-B3C8B2D826EC}.Debug|Any CPU.ActiveCfg = Debug|Any CPU
		{F8BD0E96-ED83-413C-AB32-B3C8B2D826EC}.Debug|Any CPU.Build.0 = Debug|Any CPU
		{F8BD0E96-ED83-413C-AB32-B3C8B2D826EC}.Release|Any CPU.ActiveCfg = Release|Any CPU
		{F8BD0E96-ED83-413C-AB32-B3C8B2D826EC}.Release|Any CPU.Build.0 = Release|Any CPU
		{5FF06B50-0204-4A9F-8196-3ECA7958DD04}.Debug|Any CPU.ActiveCfg = Debug|Any CPU
		{5FF06B50-0204-4A9F-8196-3ECA7958DD04}.Debug|Any CPU.Build.0 = Debug|Any CPU
		{5FF06B50-0204-4A9F-8196-3ECA7958DD04}.Release|Any CPU.ActiveCfg = Release|Any CPU
		{5FF06B50-0204-4A9F-8196-3ECA7958DD04}.Release|Any CPU.Build.0 = Release|Any CPU
	EndGlobalSection
	GlobalSection(SolutionProperties) = preSolution
		HideSolutionNode = FALSE
	EndGlobalSection
	GlobalSection(ExtensibilityGlobals) = postSolution
		SolutionGuid = {1E1A5DCF-7ECC-4418-8AE1-E96E8A4EBD1A}
	EndGlobalSection
EndGlobal
